
Microsoft Visual Studio Solution File, Format Version 12.00
Project("{FAE04EC0-301F-11D3-BF4B-00C04F79EFBC}") = "WebApplicationRazorPage", "WebApplicationRazorPage\WebApplicationRazorPage.csproj", "{A20DE97E-2CD4-46C1-A56B-7AB0D61F3979}"
EndProject
Global
	GlobalSection(SolutionConfigurationPlatforms) = preSolution
		Debug|Any CPU = Debug|Any CPU
		Release|Any CPU = Release|Any CPU
	EndGlobalSection
	GlobalSection(ProjectConfigurationPlatforms) = postSolution
		{A20DE97E-2CD4-46C1-A56B-7AB0D61F3979}.Debug|Any CPU.ActiveCfg = Debug|Any CPU
		{A20DE97E-2CD4-46C1-A56B-7AB0D61F3979}.Debug|Any CPU.Build.0 = Debug|Any CPU
		{A20DE97E-2CD4-46C1-A56B-7AB0D61F3979}.Release|Any CPU.ActiveCfg = Release|Any CPU
		{A20DE97E-2CD4-46C1-A56B-7AB0D61F3979}.Release|Any CPU.Build.0 = Release|Any CPU
	EndGlobalSection
EndGlobal
