
Microsoft Visual Studio Solution File, Format Version 12.00
Project("{FAE04EC0-301F-11D3-BF4B-00C04F79EFBC}") = "WebApplicationAuth", "WebApplicationAuth\WebApplicationAuth.csproj", "{6041B1FD-2481-4C3E-AB89-7F0DE2E1C0E0}"
EndProject
Global
	GlobalSection(SolutionConfigurationPlatforms) = preSolution
		Debug|Any CPU = Debug|Any CPU
		Release|Any CPU = Release|Any CPU
	EndGlobalSection
	GlobalSection(ProjectConfigurationPlatforms) = postSolution
		{6041B1FD-2481-4C3E-AB89-7F0DE2E1C0E0}.Debug|Any CPU.ActiveCfg = Debug|Any CPU
		{6041B1FD-2481-4C3E-AB89-7F0DE2E1C0E0}.Debug|Any CPU.Build.0 = Debug|Any CPU
		{6041B1FD-2481-4C3E-AB89-7F0DE2E1C0E0}.Release|Any CPU.ActiveCfg = Release|Any CPU
		{6041B1FD-2481-4C3E-AB89-7F0DE2E1C0E0}.Release|Any CPU.Build.0 = Release|Any CPU
	EndGlobalSection
EndGlobal
